// !$*UTF8*$!
{
	archiveVersion = 1;
	classes = {
	};
	objectVersion = 46;
	objects = {

/* Begin PBXBuildFile section */
		DB7257F61E835F65006884E5 /* ProfileViewController.swift in Sources */ = {isa = PBXBuildFile; fileRef = DB7257F51E835F65006884E5 /* ProfileViewController.swift */; };
		DB9433F61E803F3E000C5B7F /* AppDelegate.swift in Sources */ = {isa = PBXBuildFile; fileRef = DB9433F51E803F3E000C5B7F /* AppDelegate.swift */; };
		DB9433FB1E803F3E000C5B7F /* Main.storyboard in Resources */ = {isa = PBXBuildFile; fileRef = DB9433F91E803F3E000C5B7F /* Main.storyboard */; };
		DB9433FD1E803F3E000C5B7F /* Assets.xcassets in Resources */ = {isa = PBXBuildFile; fileRef = DB9433FC1E803F3E000C5B7F /* Assets.xcassets */; };
		DB9434001E803F3E000C5B7F /* LaunchScreen.storyboard in Resources */ = {isa = PBXBuildFile; fileRef = DB9433FE1E803F3E000C5B7F /* LaunchScreen.storyboard */; };
		DB9434081E8052B1000C5B7F /* tweet.json in Resources */ = {isa = PBXBuildFile; fileRef = DB9434071E8052B1000C5B7F /* tweet.json */; };
		DB94340A1E8053EF000C5B7F /* Tweet.swift in Sources */ = {isa = PBXBuildFile; fileRef = DB9434091E8053EF000C5B7F /* Tweet.swift */; };
		DB94340C1E805410000C5B7F /* User.swift in Sources */ = {isa = PBXBuildFile; fileRef = DB94340B1E805410000C5B7F /* User.swift */; };
		DB94340E1E806D63000C5B7F /* JSONParser.swift in Sources */ = {isa = PBXBuildFile; fileRef = DB94340D1E806D63000C5B7F /* JSONParser.swift */; };
		DB9434101E80781F000C5B7F /* HomeTimelineViewController.swift in Sources */ = {isa = PBXBuildFile; fileRef = DB94340F1E80781F000C5B7F /* HomeTimelineViewController.swift */; };
		DB9E55C81E819E970015E40F /* API.swift in Sources */ = {isa = PBXBuildFile; fileRef = DB9E55C71E819E970015E40F /* API.swift */; };
		DB9E55CD1E82F9ED0015E40F /* TweetCell.swift in Sources */ = {isa = PBXBuildFile; fileRef = DB9E55CC1E82F9ED0015E40F /* TweetCell.swift */; };
		DBB5C4361E8318FC00EC0F8E /* TweetDetailViewController.swift in Sources */ = {isa = PBXBuildFile; fileRef = DBB5C4351E8318FC00EC0F8E /* TweetDetailViewController.swift */; };
/* End PBXBuildFile section */

/* Begin PBXFileReference section */
		DB7257F51E835F65006884E5 /* ProfileViewController.swift */ = {isa = PBXFileReference; fileEncoding = 4; lastKnownFileType = sourcecode.swift; name = ProfileViewController.swift; path = ../../ProfileViewController.swift; sourceTree = "<group>"; };
		DB9433F21E803F3E000C5B7F /* TwitterClient.app */ = {isa = PBXFileReference; explicitFileType = wrapper.application; includeInIndex = 0; path = TwitterClient.app; sourceTree = BUILT_PRODUCTS_DIR; };
		DB9433F51E803F3E000C5B7F /* AppDelegate.swift */ = {isa = PBXFileReference; lastKnownFileType = sourcecode.swift; path = AppDelegate.swift; sourceTree = "<group>"; };
		DB9433FA1E803F3E000C5B7F /* Base */ = {isa = PBXFileReference; lastKnownFileType = file.storyboard; name = Base; path = Base.lproj/Main.storyboard; sourceTree = "<group>"; };
		DB9433FC1E803F3E000C5B7F /* Assets.xcassets */ = {isa = PBXFileReference; lastKnownFileType = folder.assetcatalog; path = Assets.xcassets; sourceTree = "<group>"; };
		DB9433FF1E803F3E000C5B7F /* Base */ = {isa = PBXFileReference; lastKnownFileType = file.storyboard; name = Base; path = Base.lproj/LaunchScreen.storyboard; sourceTree = "<group>"; };
		DB9434011E803F3E000C5B7F /* Info.plist */ = {isa = PBXFileReference; lastKnownFileType = text.plist.xml; path = Info.plist; sourceTree = "<group>"; };
		DB9434071E8052B1000C5B7F /* tweet.json */ = {isa = PBXFileReference; fileEncoding = 4; lastKnownFileType = text.json; path = tweet.json; sourceTree = "<group>"; };
		DB9434091E8053EF000C5B7F /* Tweet.swift */ = {isa = PBXFileReference; fileEncoding = 4; lastKnownFileType = sourcecode.swift; path = Tweet.swift; sourceTree = "<group>"; };
		DB94340B1E805410000C5B7F /* User.swift */ = {isa = PBXFileReference; fileEncoding = 4; lastKnownFileType = sourcecode.swift; path = User.swift; sourceTree = "<group>"; };
		DB94340D1E806D63000C5B7F /* JSONParser.swift */ = {isa = PBXFileReference; fileEncoding = 4; lastKnownFileType = sourcecode.swift; path = JSONParser.swift; sourceTree = "<group>"; };
		DB94340F1E80781F000C5B7F /* HomeTimelineViewController.swift */ = {isa = PBXFileReference; fileEncoding = 4; lastKnownFileType = sourcecode.swift; name = HomeTimelineViewController.swift; path = ../../HomeTimelineViewController.swift; sourceTree = "<group>"; };
		DB9E55C71E819E970015E40F /* API.swift */ = {isa = PBXFileReference; fileEncoding = 4; lastKnownFileType = sourcecode.swift; path = API.swift; sourceTree = "<group>"; };
		DB9E55CC1E82F9ED0015E40F /* TweetCell.swift */ = {isa = PBXFileReference; fileEncoding = 4; lastKnownFileType = sourcecode.swift; path = TweetCell.swift; sourceTree = "<group>"; };
		DBB5C4351E8318FC00EC0F8E /* TweetDetailViewController.swift */ = {isa = PBXFileReference; fileEncoding = 4; lastKnownFileType = sourcecode.swift; name = TweetDetailViewController.swift; path = ../../TweetDetailViewController.swift; sourceTree = "<group>"; };
/* End PBXFileReference section */

/* Begin PBXFrameworksBuildPhase section */
		DB9433EF1E803F3E000C5B7F /* Frameworks */ = {
			isa = PBXFrameworksBuildPhase;
			buildActionMask = 2147483647;
			files = (
			);
			runOnlyForDeploymentPostprocessing = 0;
		};
/* End PBXFrameworksBuildPhase section */

/* Begin PBXGroup section */
		DB9433E91E803F3E000C5B7F = {
			isa = PBXGroup;
			children = (
				DB9433F41E803F3E000C5B7F /* TwitterClient */,
				DB9433F31E803F3E000C5B7F /* Products */,
			);
			sourceTree = "<group>";
		};
		DB9433F31E803F3E000C5B7F /* Products */ = {
			isa = PBXGroup;
			children = (
				DB9433F21E803F3E000C5B7F /* TwitterClient.app */,
			);
			name = Products;
			sourceTree = "<group>";
		};
		DB9433F41E803F3E000C5B7F /* TwitterClient */ = {
			isa = PBXGroup;
			children = (
				DB9E55CC1E82F9ED0015E40F /* TweetCell.swift */,
				DB9433F51E803F3E000C5B7F /* AppDelegate.swift */,
				DB9E55CB1E81BD9E0015E40F /* Model */,
				DB9E55CA1E81BD8C0015E40F /* View */,
				DB9E55C91E81BD6E0015E40F /* Controller  */,
				DB9433FC1E803F3E000C5B7F /* Assets.xcassets */,
				DB9434011E803F3E000C5B7F /* Info.plist */,
			);
			path = TwitterClient;
			sourceTree = "<group>";
		};
		DB9E55C91E81BD6E0015E40F /* Controller  */ = {
			isa = PBXGroup;
			children = (
				DB7257F51E835F65006884E5 /* ProfileViewController.swift */,
				DBB5C4351E8318FC00EC0F8E /* TweetDetailViewController.swift */,
				DB94340F1E80781F000C5B7F /* HomeTimelineViewController.swift */,
			);
			name = "Controller ";
			sourceTree = "<group>";
		};
		DB9E55CA1E81BD8C0015E40F /* View */ = {
			isa = PBXGroup;
			children = (
				DB9433FE1E803F3E000C5B7F /* LaunchScreen.storyboard */,
				DB9433F91E803F3E000C5B7F /* Main.storyboard */,
			);
			name = View;
			sourceTree = "<group>";
		};
		DB9E55CB1E81BD9E0015E40F /* Model */ = {
			isa = PBXGroup;
			children = (
				DB94340B1E805410000C5B7F /* User.swift */,
				DB9E55C71E819E970015E40F /* API.swift */,
				DB94340D1E806D63000C5B7F /* JSONParser.swift */,
				DB9434091E8053EF000C5B7F /* Tweet.swift */,
				DB9434071E8052B1000C5B7F /* tweet.json */,
			);
			name = Model;
			sourceTree = "<group>";
		};
/* End PBXGroup section */

/* Begin PBXNativeTarget section */
		DB9433F11E803F3E000C5B7F /* TwitterClient */ = {
			isa = PBXNativeTarget;
			buildConfigurationList = DB9434041E803F3E000C5B7F /* Build configuration list for PBXNativeTarget "TwitterClient" */;
			buildPhases = (
				DB9433EE1E803F3E000C5B7F /* Sources */,
				DB9433EF1E803F3E000C5B7F /* Frameworks */,
				DB9433F01E803F3E000C5B7F /* Resources */,
			);
			buildRules = (
			);
			dependencies = (
			);
			name = TwitterClient;
			productName = TwitterClient;
			productReference = DB9433F21E803F3E000C5B7F /* TwitterClient.app */;
			productType = "com.apple.product-type.application";
		};
/* End PBXNativeTarget section */

/* Begin PBXProject section */
		DB9433EA1E803F3E000C5B7F /* Project object */ = {
			isa = PBXProject;
			attributes = {
				LastSwiftUpdateCheck = 0820;
				LastUpgradeCheck = 0820;
				ORGANIZATIONNAME = "Pavel Parkhomey";
				TargetAttributes = {
					DB9433F11E803F3E000C5B7F = {
						CreatedOnToolsVersion = 8.2.1;
						DevelopmentTeam = FQ3G8657EV;
						ProvisioningStyle = Automatic;
					};
				};
			};
			buildConfigurationList = DB9433ED1E803F3E000C5B7F /* Build configuration list for PBXProject "TwitterClient" */;
			compatibilityVersion = "Xcode 3.2";
			developmentRegion = English;
			hasScannedForEncodings = 0;
			knownRegions = (
				en,
				Base,
			);
			mainGroup = DB9433E91E803F3E000C5B7F;
			productRefGroup = DB9433F31E803F3E000C5B7F /* Products */;
			projectDirPath = "";
			projectRoot = "";
			targets = (
				DB9433F11E803F3E000C5B7F /* TwitterClient */,
			);
		};
/* End PBXProject section */

/* Begin PBXResourcesBuildPhase section */
		DB9433F01E803F3E000C5B7F /* Resources */ = {
			isa = PBXResourcesBuildPhase;
			buildActionMask = 2147483647;
			files = (
				DB9434001E803F3E000C5B7F /* LaunchScreen.storyboard in Resources */,
				DB9433FD1E803F3E000C5B7F /* Assets.xcassets in Resources */,
				DB9433FB1E803F3E000C5B7F /* Main.storyboard in Resources */,
				DB9434081E8052B1000C5B7F /* tweet.json in Resources */,
			);
			runOnlyForDeploymentPostprocessing = 0;
		};
/* End PBXResourcesBuildPhase section */

/* Begin PBXSourcesBuildPhase section */
		DB9433EE1E803F3E000C5B7F /* Sources */ = {
			isa = PBXSourcesBuildPhase;
			buildActionMask = 2147483647;
			files = (
				DB94340C1E805410000C5B7F /* User.swift in Sources */,
				DB9E55CD1E82F9ED0015E40F /* TweetCell.swift in Sources */,
				DB94340E1E806D63000C5B7F /* JSONParser.swift in Sources */,
				DB94340A1E8053EF000C5B7F /* Tweet.swift in Sources */,
				DB9433F61E803F3E000C5B7F /* AppDelegate.swift in Sources */,
				DBB5C4361E8318FC00EC0F8E /* TweetDetailViewController.swift in Sources */,
				DB7257F61E835F65006884E5 /* ProfileViewController.swift in Sources */,
				DB9E55C81E819E970015E40F /* API.swift in Sources */,
				DB9434101E80781F000C5B7F /* HomeTimelineViewController.swift in Sources */,
			);
			runOnlyForDeploymentPostprocessing = 0;
		};
/* End PBXSourcesBuildPhase section */

/* Begin PBXVariantGroup section */
		DB9433F91E803F3E000C5B7F /* Main.storyboard */ = {
			isa = PBXVariantGroup;
			children = (
				DB9433FA1E803F3E000C5B7F /* Base */,
			);
			name = Main.storyboard;
			sourceTree = "<group>";
		};
		DB9433FE1E803F3E000C5B7F /* LaunchScreen.storyboard */ = {
			isa = PBXVariantGroup;
			children = (
				DB9433FF1E803F3E000C5B7F /* Base */,
			);
			name = LaunchScreen.storyboard;
			sourceTree = "<group>";
		};
/* End PBXVariantGroup section */

/* Begin XCBuildConfiguration section */
		DB9434021E803F3E000C5B7F /* Debug */ = {
			isa = XCBuildConfiguration;
			buildSettings = {
				ALWAYS_SEARCH_USER_PATHS = NO;
				CLANG_ANALYZER_NONNULL = YES;
				CLANG_CXX_LANGUAGE_STANDARD = "gnu++0x";
				CLANG_CXX_LIBRARY = "libc++";
				CLANG_ENABLE_MODULES = YES;
				CLANG_ENABLE_OBJC_ARC = YES;
				CLANG_WARN_BOOL_CONVERSION = YES;
				CLANG_WARN_CONSTANT_CONVERSION = YES;
				CLANG_WARN_DIRECT_OBJC_ISA_USAGE = YES_ERROR;
				CLANG_WARN_DOCUMENTATION_COMMENTS = YES;
				CLANG_WARN_EMPTY_BODY = YES;
				CLANG_WARN_ENUM_CONVERSION = YES;
				CLANG_WARN_INFINITE_RECURSION = YES;
				CLANG_WARN_INT_CONVERSION = YES;
				CLANG_WARN_OBJC_ROOT_CLASS = YES_ERROR;
				CLANG_WARN_SUSPICIOUS_MOVE = YES;
				CLANG_WARN_UNREACHABLE_CODE = YES;
				CLANG_WARN__DUPLICATE_METHOD_MATCH = YES;
				"CODE_SIGN_IDENTITY[sdk=iphoneos*]" = "iPhone Developer";
				COPY_PHASE_STRIP = NO;
				DEBUG_INFORMATION_FORMAT = dwarf;
				ENABLE_STRICT_OBJC_MSGSEND = YES;
				ENABLE_TESTABILITY = YES;
				GCC_C_LANGUAGE_STANDARD = gnu99;
				GCC_DYNAMIC_NO_PIC = NO;
				GCC_NO_COMMON_BLOCKS = YES;
				GCC_OPTIMIZATION_LEVEL = 0;
				GCC_PREPROCESSOR_DEFINITIONS = (
					"DEBUG=1",
					"$(inherited)",
				);
				GCC_WARN_64_TO_32_BIT_CONVERSION = YES;
				GCC_WARN_ABOUT_RETURN_TYPE = YES_ERROR;
				GCC_WARN_UNDECLARED_SELECTOR = YES;
				GCC_WARN_UNINITIALIZED_AUTOS = YES_AGGRESSIVE;
				GCC_WARN_UNUSED_FUNCTION = YES;
				GCC_WARN_UNUSED_VARIABLE = YES;
				IPHONEOS_DEPLOYMENT_TARGET = 10.2;
				MTL_ENABLE_DEBUG_INFO = YES;
				ONLY_ACTIVE_ARCH = YES;
				SDKROOT = iphoneos;
				SWIFT_ACTIVE_COMPILATION_CONDITIONS = DEBUG;
				SWIFT_OPTIMIZATION_LEVEL = "-Onone";
				TARGETED_DEVICE_FAMILY = "1,2";
			};
			name = Debug;
		};
		DB9434031E803F3E000C5B7F /* Release */ = {
			isa = XCBuildConfiguration;
			buildSettings = {
				ALWAYS_SEARCH_USER_PATHS = NO;
				CLANG_ANALYZER_NONNULL = YES;
				CLANG_CXX_LANGUAGE_STANDARD = "gnu++0x";
				CLANG_CXX_LIBRARY = "libc++";
				CLANG_ENABLE_MODULES = YES;
				CLANG_ENABLE_OBJC_ARC = YES;
				CLANG_WARN_BOOL_CONVERSION = YES;
				CLANG_WARN_CONSTANT_CONVERSION = YES;
				CLANG_WARN_DIRECT_OBJC_ISA_USAGE = YES_ERROR;
				CLANG_WARN_DOCUMENTATION_COMMENTS = YES;
				CLANG_WARN_EMPTY_BODY = YES;
				CLANG_WARN_ENUM_CONVERSION = YES;
				CLANG_WARN_INFINITE_RECURSION = YES;
				CLANG_WARN_INT_CONVERSION = YES;
				CLANG_WARN_OBJC_ROOT_CLASS = YES_ERROR;
				CLANG_WARN_SUSPICIOUS_MOVE = YES;
				CLANG_WARN_UNREACHABLE_CODE = YES;
				CLANG_WARN__DUPLICATE_METHOD_MATCH = YES;
				"CODE_SIGN_IDENTITY[sdk=iphoneos*]" = "iPhone Developer";
				COPY_PHASE_STRIP = NO;
				DEBUG_INFORMATION_FORMAT = "dwarf-with-dsym";
				ENABLE_NS_ASSERTIONS = NO;
				ENABLE_STRICT_OBJC_MSGSEND = YES;
				GCC_C_LANGUAGE_STANDARD = gnu99;
				GCC_NO_COMMON_BLOCKS = YES;
				GCC_WARN_64_TO_32_BIT_CONVERSION = YES;
				GCC_WARN_ABOUT_RETURN_TYPE = YES_ERROR;
				GCC_WARN_UNDECLARED_SELECTOR = YES;
				GCC_WARN_UNINITIALIZED_AUTOS = YES_AGGRESSIVE;
				GCC_WARN_UNUSED_FUNCTION = YES;
				GCC_WARN_UNUSED_VARIABLE = YES;
				IPHONEOS_DEPLOYMENT_TARGET = 10.2;
				MTL_ENABLE_DEBUG_INFO = NO;
				SDKROOT = iphoneos;
				SWIFT_OPTIMIZATION_LEVEL = "-Owholemodule";
				TARGETED_DEVICE_FAMILY = "1,2";
				VALIDATE_PRODUCT = YES;
			};
			name = Release;
		};
		DB9434051E803F3E000C5B7F /* Debug */ = {
			isa = XCBuildConfiguration;
			buildSettings = {
				ASSETCATALOG_COMPILER_APPICON_NAME = AppIcon;
				DEVELOPMENT_TEAM = FQ3G8657EV;
				INFOPLIST_FILE = TwitterClient/Info.plist;
				IPHONEOS_DEPLOYMENT_TARGET = 10.2;
				LD_RUNPATH_SEARCH_PATHS = "$(inherited) @executable_path/Frameworks";
				PRODUCT_BUNDLE_IDENTIFIER = com.MyFirstApp.TwitterClient;
				PRODUCT_NAME = "$(TARGET_NAME)";
				SWIFT_VERSION = 3.0;
				TARGETED_DEVICE_FAMILY = "1,2";
			};
			name = Debug;
		};
		DB9434061E803F3E000C5B7F /* Release */ = {
			isa = XCBuildConfiguration;
			buildSettings = {
				ASSETCATALOG_COMPILER_APPICON_NAME = AppIcon;
				DEVELOPMENT_TEAM = FQ3G8657EV;
				INFOPLIST_FILE = TwitterClient/Info.plist;
				IPHONEOS_DEPLOYMENT_TARGET = 10.2;
				LD_RUNPATH_SEARCH_PATHS = "$(inherited) @executable_path/Frameworks";
				PRODUCT_BUNDLE_IDENTIFIER = com.MyFirstApp.TwitterClient;
				PRODUCT_NAME = "$(TARGET_NAME)";
				SWIFT_VERSION = 3.0;
				TARGETED_DEVICE_FAMILY = "1,2";
			};
			name = Release;
		};
/* End XCBuildConfiguration section */

/* Begin XCConfigurationList section */
		DB9433ED1E803F3E000C5B7F /* Build configuration list for PBXProject "TwitterClient" */ = {
			isa = XCConfigurationList;
			buildConfigurations = (
				DB9434021E803F3E000C5B7F /* Debug */,
				DB9434031E803F3E000C5B7F /* Release */,
			);
			defaultConfigurationIsVisible = 0;
			defaultConfigurationName = Release;
		};
		DB9434041E803F3E000C5B7F /* Build configuration list for PBXNativeTarget "TwitterClient" */ = {
			isa = XCConfigurationList;
			buildConfigurations = (
				DB9434051E803F3E000C5B7F /* Debug */,
				DB9434061E803F3E000C5B7F /* Release */,
			);
			defaultConfigurationIsVisible = 0;
			defaultConfigurationName = Release;
		};
/* End XCConfigurationList section */
	};
	rootObject = DB9433EA1E803F3E000C5B7F /* Project object */;
}
